// !$*UTF8*$!
{
	archiveVersion = 1;
	classes = {
	};
	objectVersion = 77;
	objects = {

/* Begin PBXContainerItemProxy section */
		A8BEEE1130733CF900EEF2B0 /* PBXContainerItemProxy */ = {
			isa = PBXContainerItemProxy;
			containerPortal = A8BEEDF930733CF600EEF2B0 /* Project object */;
			proxyType = 1;
			remoteGlobalIDString = A8BEEE0030733CF600EEF2B0;
			remoteInfo = CuentasClaras;
		};
		A8BEEE1B30733CF900EEF2B0 /* PBXContainerItemProxy */ = {
			isa = PBXContainerItemProxy;
			containerPortal = A8BEEDF930733CF600EEF2B0 /* Project object */;
			proxyType = 1;
			remoteGlobalIDString = A8BEEE0030733CF600EEF2B0;
			remoteInfo = CuentasClaras;
		};
/* End PBXContainerItemProxy section */

/* Begin PBXFileReference section */
		A8BEEE0130733CF600EEF2B0 /* CuentasClaras.app */ = {isa = PBXFileReference; explicitFileType = wrapper.application; includeInIndex = 0; path = CuentasClaras.app; sourceTree = BUILT_PRODUCTS_DIR; };
		A8BEEE1030733CF900EEF2B0 /* CuentasClarasTests.xctest */ = {isa = PBXFileReference; explicitFileType = wrapper.cfbundle; includeInIndex = 0; path = CuentasClarasTests.xctest; sourceTree = BUILT_PRODUCTS_DIR; };
		A8BEEE1A30733CF900EEF2B0 /* CuentasClarasUITests.xctest */ = {isa = PBXFileReference; explicitFileType = wrapper.cfbundle; includeInIndex = 0; path = CuentasClarasUITests.xctest; sourceTree = BUILT_PRODUCTS_DIR; };
/* End PBXFileReference section */

/* Begin PBXFileSystemSynchronizedRootGroup section */
		A8BEEE0330733CF600EEF2B0 /* CuentasClaras */ = {
			isa = PBXFileSystemSynchronizedRootGroup;
			path = CuentasClaras;
			sourceTree = "<group>";
		};
		A8BEEE1330733CF900EEF2B0 /* CuentasClarasTests */ = {
			isa = PBXFileSystemSynchronizedRootGroup;
			path = CuentasClarasTests;
			sourceTree = "<group>";
		};
		A8BEEE1D30733CF900EEF2B0 /* CuentasClarasUITests */ = {
			isa = PBXFileSystemSynchronizedRootGroup;
			path = CuentasClarasUITests;
			sourceTree = "<group>";
		};
/* End PBXFileSystemSynchronizedRootGroup section */

/* Begin PBXFrameworksBuildPhase section */
		A8BEEDFE30733CF600EEF2B0 /* Frameworks */ = {
			isa = PBXFrameworksBuildPhase;
			buildActionMask = 2147483647;
			files = (
			);
			runOnlyForDeploymentPostprocessing = 0;
		};
		A8BEEE0D30733CF900EEF2B0 /* Frameworks */ = {
			isa = PBXFrameworksBuildPhase;
			buildActionMask = 2147483647;
			files = (
			);
			runOnlyForDeploymentPostprocessing = 0;
		};
		A8BEEE1730733CF900EEF2B0 /* Frameworks */ = {
			isa = PBXFrameworksBuildPhase;
			buildActionMask = 2147483647;
			files = (
			);
			runOnlyForDeploymentPostprocessing = 0;
		};
/* End PBXFrameworksBuildPhase section */

/* Begin PBXGroup section */
		A8BEEDF830733CF600EEF2B0 = {
			isa = PBXGroup;
			children = (
				A8BEEE0330733CF600EEF2B0 /* CuentasClaras */,
				A8BEEE1330733CF900EEF2B0 /* CuentasClarasTests */,
				A8BEEE1D30733CF900EEF2B0 /* CuentasClarasUITests */,
				A8BEEE0230733CF600EEF2B0 /* Products */,
			);
			sourceTree = "<group>";
		};
		A8BEEE0230733CF600EEF2B0 /* Products */ = {
			isa = PBXGroup;
			children = (
				A8BEEE0130733CF600EEF2B0 /* CuentasClaras.app */,
				A8BEEE1030733CF900EEF2B0 /* CuentasClarasTests.xctest */,
				A8BEEE1A30733CF900EEF2B0 /* CuentasClarasUITests.xctest */,
			);
			name = Products;
			sourceTree = "<group>";
		};
/* End PBXGroup section */

/* Begin PBXNativeTarget section */
		A8BEEE0030733CF600EEF2B0 /* CuentasClaras */ = {
			isa = PBXNativeTarget;
			buildConfigurationList = A8BEEE2430733CF900EEF2B0 /* Build configuration list for PBXNativeTarget "CuentasClaras" */;
			buildPhases = (
				A8BEEDFD30733CF600EEF2B0 /* Sources */,
				A8BEEDFE30733CF600EEF2B0 /* Frameworks */,
				A8BEEDFF30733CF600EEF2B0 /* Resources */,
			);
			buildRules = (
			);
			dependencies = (
			);
			fileSystemSynchronizedGroups = (
				A8BEEE0330733CF600EEF2B0 /* CuentasClaras */,
			);
			name = CuentasClaras;
			packageProductDependencies = (
			);
			productName = CuentasClaras;
			productReference = A8BEEE0130733CF600EEF2B0 /* CuentasClaras.app */;
			productType = "com.apple.product-type.application";
		};
		A8BEEE0F30733CF900EEF2B0 /* CuentasClarasTests */ = {
			isa = PBXNativeTarget;
			buildConfigurationList = A8BEEE2730733CF900EEF2B0 /* Build configuration list for PBXNativeTarget "CuentasClarasTests" */;
			buildPhases = (
				A8BEEE0C30733CF900EEF2B0 /* Sources */,
				A8BEEE0D30733CF900EEF2B0 /* Frameworks */,
				A8BEEE0E30733CF900EEF2B0 /* Resources */,
			);
			buildRules = (
			);
			dependencies = (
				A8BEEE1230733CF900EEF2B0 /* PBXTargetDependency */,
			);
			fileSystemSynchronizedGroups = (
				A8BEEE1330733CF900EEF2B0 /* CuentasClarasTests */,
			);
			name = CuentasClarasTests;
			packageProductDependencies = (
			);
			productName = CuentasClarasTests;
			productReference = A8BEEE1030733CF900EEF2B0 /* CuentasClarasTests.xctest */;
			productType = "com.apple.product-type.bundle.unit-test";
		};
		A8BEEE1930733CF900EEF2B0 /* CuentasClarasUITests */ = {
			isa = PBXNativeTarget;
			buildConfigurationList = A8BEEE2A30733CF900EEF2B0 /* Build configuration list for PBXNativeTarget "CuentasClarasUITests" */;
			buildPhases = (
				A8BEEE1630733CF900EEF2B0 /* Sources */,
				A8BEEE1730733CF900EEF2B0 /* Frameworks */,
				A8BEEE1830733CF900EEF2B0 /* Resources */,
			);
			buildRules = (
			);
			dependencies = (
				A8BEEE1C30733CF900EEF2B0 /* PBXTargetDependency */,
			);
			fileSystemSynchronizedGroups = (
				A8BEEE1D30733CF900EEF2B0 /* CuentasClarasUITests */,
			);
			name = CuentasClarasUITests;
			packageProductDependencies = (
			);
			productName = CuentasClarasUITests;
			productReference = A8BEEE1A30733CF900EEF2B0 /* CuentasClarasUITests.xctest */;
			productType = "com.apple.product-type.bundle.ui-testing";
		};
/* End PBXNativeTarget section */

/* Begin PBXProject section */
		A8BEEDF930733CF600EEF2B0 /* Project object */ = {
			isa = PBXProject;
			attributes = {
				BuildIndependentTargetsInParallel = 1;
				LastSwiftUpdateCheck = 2600;
				LastUpgradeCheck = 2600;
				TargetAttributes = {
					A8BEEE0030733CF600EEF2B0 = {
						CreatedOnToolsVersion = 26.0.1;
					};
					A8BEEE0F30733CF900EEF2B0 = {
						CreatedOnToolsVersion = 26.0.1;
						TestTargetID = A8BEEE0030733CF600EEF2B0;
					};
					A8BEEE1930733CF900EEF2B0 = {
						CreatedOnToolsVersion = 26.0.1;
						TestTargetID = A8BEEE0030733CF600EEF2B0;
					};
				};
			};
			buildConfigurationList = A8BEEDFC30733CF600EEF2B0 /* Build configuration list for PBXProject "CuentasClaras" */;
			developmentRegion = en;
			hasScannedForEncodings = 0;
			knownRegions = (
				en,
				Base,
			);
			mainGroup = A8BEEDF830733CF600EEF2B0;
			minimizedProjectReferenceProxies = 1;
			preferredProjectObjectVersion = 77;
			productRefGroup = A8BEEE0230733CF600EEF2B0 /* Products */;
			projectDirPath = "";
			projectRoot = "";
			targets = (
				A8BEEE0030733CF600EEF2B0 /* CuentasClaras */,
				A8BEEE0F30733CF900EEF2B0 /* CuentasClarasTests */,
				A8BEEE1930733CF900EEF2B0 /* CuentasClarasUITests */,
			);
		};
/* End PBXProject section */

/* Begin PBXResourcesBuildPhase section */
		A8BEEDFF30733CF600EEF2B0 /* Resources */ = {
			isa = PBXResourcesBuildPhase;
			buildActionMask = 2147483647;
			files = (
			);
			runOnlyForDeploymentPostprocessing = 0;
		};
		A8BEEE0E30733CF900EEF2B0 /* Resources */ = {
			isa = PBXResourcesBuildPhase;
			buildActionMask = 2147483647;
			files = (
			);
			runOnlyForDeploymentPostprocessing = 0;
		};
		A8BEEE1830733CF900EEF2B0 /* Resources */ = {
			isa = PBXResourcesBuildPhase;
			buildActionMask = 2147483647;
			files = (
			);
			runOnlyForDeploymentPostprocessing = 0;
		};
/* End PBXResourcesBuildPhase section */

/* Begin PBXSourcesBuildPhase section */
		A8BEEDFD30733CF600EEF2B0 /* Sources */ = {
			isa = PBXSourcesBuildPhase;
			buildActionMask = 2147483647;
			files = (
			);
			runOnlyForDeploymentPostprocessing = 0;
		};
		A8BEEE0C30733CF900EEF2B0 /* Sources */ = {
			isa = PBXSourcesBuildPhase;
			buildActionMask = 2147483647;
			files = (
			);
			runOnlyForDeploymentPostprocessing = 0;
		};
		A8BEEE1630733CF900EEF2B0 /* Sources */ = {
			isa = PBXSourcesBuildPhase;
			buildActionMask = 2147483647;
			files = (
			);
			runOnlyForDeploymentPostprocessing = 0;
		};
/* End PBXSourcesBuildPhase section */

/* Begin PBXTargetDependency section */
		A8BEEE1230733CF900EEF2B0 /* PBXTargetDependency */ = {
			isa = PBXTargetDependency;
			target = A8BEEE0030733CF600EEF2B0 /* CuentasClaras */;
			targetProxy = A8BEEE1130733CF900EEF2B0 /* PBXContainerItemProxy */;
		};
		A8BEEE1C30733CF900EEF2B0 /* PBXTargetDependency */ = {
			isa = PBXTargetDependency;
			target = A8BEEE0030733CF600EEF2B0 /* CuentasClaras */;
			targetProxy = A8BEEE1B30733CF900EEF2B0 /* PBXContainerItemProxy */;
		};
/* End PBXTargetDependency section */

/* Begin XCBuildConfiguration section */
		A8BEEE2230733CF900EEF2B0 /* Debug */ = {
			isa = XCBuildConfiguration;
			buildSettings = {
				ALWAYS_SEARCH_USER_PATHS = NO;
				ASSETCATALOG_COMPILER_GENERATE_SWIFT_ASSET_SYMBOL_EXTENSIONS = YES;
				CLANG_ANALYZER_NONNULL = YES;
				CLANG_ANALYZER_NUMBER_OBJECT_CONVERSION = YES_AGGRESSIVE;
				CLANG_CXX_LANGUAGE_STANDARD = "gnu++20";
				CLANG_ENABLE_MODULES = YES;
				CLANG_ENABLE_OBJC_ARC = YES;
				CLANG_ENABLE_OBJC_WEAK = YES;
				CLANG_WARN_BLOCK_CAPTURE_AUTORELEASING = YES;
				CLANG_WARN_BOOL_CONVERSION = YES;
				CLANG_WARN_COMMA = YES;
				CLANG_WARN_CONSTANT_CONVERSION = YES;
				CLANG_WARN_DEPRECATED_OBJC_IMPLEMENTATIONS = YES;
				CLANG_WARN_DIRECT_OBJC_ISA_USAGE = YES_ERROR;
				CLANG_WARN_DOCUMENTATION_COMMENTS = YES;
				CLANG_WARN_EMPTY_BODY = YES;
				CLANG_WARN_ENUM_CONVERSION = YES;
				CLANG_WARN_INFINITE_RECURSION = YES;
				CLANG_WARN_INT_CONVERSION = YES;
				CLANG_WARN_NON_LITERAL_NULL_CONVERSION = YES;
				CLANG_WARN_OBJC_IMPLICIT_RETAIN_SELF = YES;
				CLANG_WARN_OBJC_LITERAL_CONVERSION = YES;
				CLANG_WARN_OBJC_ROOT_CLASS = YES_ERROR;
				CLANG_WARN_QUOTED_INCLUDE_IN_FRAMEWORK_HEADER = YES;
				CLANG_WARN_RANGE_LOOP_ANALYSIS = YES;
				CLANG_WARN_STRICT_PROTOTYPES = YES;
				CLANG_WARN_SUSPICIOUS_MOVE = YES;
				CLANG_WARN_UNGUARDED_AVAILABILITY = YES_AGGRESSIVE;
				CLANG_WARN_UNREACHABLE_CODE = YES;
				CLANG_WARN__DUPLICATE_METHOD_MATCH = YES;
				COPY_PHASE_STRIP = NO;
				DEBUG_INFORMATION_FORMAT = dwarf;
				ENABLE_STRICT_OBJC_MSGSEND = YES;
				ENABLE_TESTABILITY = YES;
				ENABLE_USER_SCRIPT_SANDBOXING = YES;
				GCC_C_LANGUAGE_STANDARD = gnu17;
				GCC_DYNAMIC_NO_PIC = NO;
				GCC_NO_COMMON_BLOCKS = YES;
				GCC_OPTIMIZATION_LEVEL = 0;
				GCC_PREPROCESSOR_DEFINITIONS = (
					"DEBUG=1",
					"$(inherited)",
				);
				GCC_WARN_64_TO_32_BIT_CONVERSION = YES;
				GCC_WARN_ABOUT_RETURN_TYPE = YES_ERROR;
				GCC_WARN_UNDECLARED_SELECTOR = YES;
				GCC_WARN_UNINITIALIZED_AUTOS = YES_AGGRESSIVE;
				GCC_WARN_UNUSED_FUNCTION = YES;
				GCC_WARN_UNUSED_VARIABLE = YES;
				IPHONEOS_DEPLOYMENT_TARGET = 26.0;
				LOCALIZATION_PREFERS_STRING_CATALOGS = YES;
				MTL_ENABLE_DEBUG_INFO = INCLUDE_SOURCE;
				MTL_FAST_MATH = YES;
				ONLY_ACTIVE_ARCH = YES;
				SDKROOT = iphoneos;
				SWIFT_ACTIVE_COMPILATION_CONDITIONS = "DEBUG $(inherited)";
				SWIFT_OPTIMIZATION_LEVEL = "-Onone";
			};
			name = Debug;
		};
		A8BEEE2330733CF900EEF2B0 /* Release */ = {
			isa = XCBuildConfiguration;
			buildSettings = {
				ALWAYS_SEARCH_USER_PATHS = NO;
				ASSETCATALOG_COMPILER_GENERATE_SWIFT_ASSET_SYMBOL_EXTENSIONS = YES;
				CLANG_ANALYZER_NONNULL = YES;
				CLANG_ANALYZER_NUMBER_OBJECT_CONVERSION = YES_AGGRESSIVE;
				CLANG_CXX_LANGUAGE_STANDARD = "gnu++20";
				CLANG_ENABLE_MODULES = YES;
				CLANG_ENABLE_OBJC_ARC = YES;
				CLANG_ENABLE_OBJC_WEAK = YES;
				CLANG_WARN_BLOCK_CAPTURE_AUTORELEASING = YES;
				CLANG_WARN_BOOL_CONVERSION = YES;
				CLANG_WARN_COMMA = YES;
				CLANG_WARN_CONSTANT_CONVERSION = YES;
				CLANG_WARN_DEPRECATED_OBJC_IMPLEMENTATIONS = YES;
				CLANG_WARN_DIRECT_OBJC_ISA_USAGE = YES_ERROR;
				CLANG_WARN_DOCUMENTATION_COMMENTS = YES;
				CLANG_WARN_EMPTY_BODY = YES;
				CLANG_WARN_ENUM_CONVERSION = YES;
				CLANG_WARN_INFINITE_RECURSION = YES;
				CLANG_WARN_INT_CONVERSION = YES;
				CLANG_WARN_NON_LITERAL_NULL_CONVERSION = YES;
				CLANG_WARN_OBJC_IMPLICIT_RETAIN_SELF = YES;
				CLANG_WARN_OBJC_LITERAL_CONVERSION = YES;
				CLANG_WARN_OBJC_ROOT_CLASS = YES_ERROR;
				CLANG_WARN_QUOTED_INCLUDE_IN_FRAMEWORK_HEADER = YES;
				CLANG_WARN_RANGE_LOOP_ANALYSIS = YES;
				CLANG_WARN_STRICT_PROTOTYPES = YES;
				CLANG_WARN_SUSPICIOUS_MOVE = YES;
				CLANG_WARN_UNGUARDED_AVAILABILITY = YES_AGGRESSIVE;
				CLANG_WARN_UNREACHABLE_CODE = YES;
				CLANG_WARN__DUPLICATE_METHOD_MATCH = YES;
				COPY_PHASE_STRIP = NO;
				DEBUG_INFORMATION_FORMAT = "dwarf-with-dsym";
				ENABLE_NS_ASSERTIONS = NO;
				ENABLE_STRICT_OBJC_MSGSEND = YES;
				ENABLE_USER_SCRIPT_SANDBOXING = YES;
				GCC_C_LANGUAGE_STANDARD = gnu17;
				GCC_NO_COMMON_BLOCKS = YES;
				GCC_WARN_64_TO_32_BIT_CONVERSION = YES;
				GCC_WARN_ABOUT_RETURN_TYPE = YES_ERROR;
				GCC_WARN_UNDECLARED_SELECTOR = YES;
				GCC_WARN_UNINITIALIZED_AUTOS = YES_AGGRESSIVE;
				GCC_WARN_UNUSED_FUNCTION = YES;
				GCC_WARN_UNUSED_VARIABLE = YES;
				IPHONEOS_DEPLOYMENT_TARGET = 26.0;
				LOCALIZATION_PREFERS_STRING_CATALOGS = YES;
				MTL_ENABLE_DEBUG_INFO = NO;
				MTL_FAST_MATH = YES;
				SDKROOT = iphoneos;
				SWIFT_COMPILATION_MODE = wholemodule;
				VALIDATE_PRODUCT = YES;
			};
			name = Release;
		};
		A8BEEE2530733CF900EEF2B0 /* Debug */ = {
			isa = XCBuildConfiguration;
			buildSettings = {
				ASSETCATALOG_COMPILER_APPICON_NAME = AppIcon;
				ASSETCATALOG_COMPILER_GLOBAL_ACCENT_COLOR_NAME = AccentColor;
				CODE_SIGN_STYLE = Automatic;
				CURRENT_PROJECT_VERSION = 1;
				ENABLE_PREVIEWS = YES;
				GENERATE_INFOPLIST_FILE = YES;
				INFOPLIST_KEY_UIApplicationSceneManifest_Generation = YES;
				INFOPLIST_KEY_UIApplicationSupportsIndirectInputEvents = YES;
				INFOPLIST_KEY_UILaunchScreen_Generation = YES;
				INFOPLIST_KEY_UISupportedInterfaceOrientations_iPad = "UIInterfaceOrientationPortrait UIInterfaceOrientationPortraitUpsideDown UIInterfaceOrientationLandscapeLeft UIInterfaceOrientationLandscapeRight";
				INFOPLIST_KEY_UISupportedInterfaceOrientations_iPhone = "UIInterfaceOrientationPortrait UIInterfaceOrientationLandscapeLeft UIInterfaceOrientationLandscapeRight";
				LD_RUNPATH_SEARCH_PATHS = (
					"$(inherited)",
					"@executable_path/Frameworks",
				);
				MARKETING_VERSION = 1.0;
				PRODUCT_BUNDLE_IDENTIFIER = cl.xbadream.CuentasClaras;
				PRODUCT_NAME = "$(TARGET_NAME)";
				STRING_CATALOG_GENERATE_SYMBOLS = YES;
				SWIFT_APPROACHABLE_CONCURRENCY = YES;
				SWIFT_DEFAULT_ACTOR_ISOLATION = MainActor;
				SWIFT_EMIT_LOC_STRINGS = YES;
				SWIFT_UPCOMING_FEATURE_MEMBER_IMPORT_VISIBILITY = YES;
				SWIFT_VERSION = 5.0;
				TARGETED_DEVICE_FAMILY = "1,2";
			};
			name = Debug;
		};
		A8BEEE2630733CF900EEF2B0 /* Release */ = {
			isa = XCBuildConfiguration;
			buildSettings = {
				ASSETCATALOG_COMPILER_APPICON_NAME = AppIcon;
				ASSETCATALOG_COMPILER_GLOBAL_ACCENT_COLOR_NAME = AccentColor;
				CODE_SIGN_STYLE = Automatic;
				CURRENT_PROJECT_VERSION = 1;
				ENABLE_PREVIEWS = YES;
				GENERATE_INFOPLIST_FILE = YES;
				INFOPLIST_KEY_UIApplicationSceneManifest_Generation = YES;
				INFOPLIST_KEY_UIApplicationSupportsIndirectInputEvents = YES;
				INFOPLIST_KEY_UILaunchScreen_Generation = YES;
				INFOPLIST_KEY_UISupportedInterfaceOrientations_iPad = "UIInterfaceOrientationPortrait UIInterfaceOrientationPortraitUpsideDown UIInterfaceOrientationLandscapeLeft UIInterfaceOrientationLandscapeRight";
				INFOPLIST_KEY_UISupportedInterfaceOrientations_iPhone = "UIInterfaceOrientationPortrait UIInterfaceOrientationLandscapeLeft UIInterfaceOrientationLandscapeRight";
				LD_RUNPATH_SEARCH_PATHS = (
					"$(inherited)",
					"@executable_path/Frameworks",
				);
				MARKETING_VERSION = 1.0;
				PRODUCT_BUNDLE_IDENTIFIER = cl.xbadream.CuentasClaras;
				PRODUCT_NAME = "$(TARGET_NAME)";
				STRING_CATALOG_GENERATE_SYMBOLS = YES;
				SWIFT_APPROACHABLE_CONCURRENCY = YES;
				SWIFT_DEFAULT_ACTOR_ISOLATION = MainActor;
				SWIFT_EMIT_LOC_STRINGS = YES;
				SWIFT_UPCOMING_FEATURE_MEMBER_IMPORT_VISIBILITY = YES;
				SWIFT_VERSION = 5.0;
				TARGETED_DEVICE_FAMILY = "1,2";
			};
			name = Release;
		};
		A8BEEE2830733CF900EEF2B0 /* Debug */ = {
			isa = XCBuildConfiguration;
			buildSettings = {
				BUNDLE_LOADER = "$(TEST_HOST)";
				CODE_SIGN_STYLE = Automatic;
				CURRENT_PROJECT_VERSION = 1;
				GENERATE_INFOPLIST_FILE = YES;
				IPHONEOS_DEPLOYMENT_TARGET = 26.0;
				MARKETING_VERSION = 1.0;
				PRODUCT_BUNDLE_IDENTIFIER = cl.xbadream.CuentasClarasTests;
				PRODUCT_NAME = "$(TARGET_NAME)";
				STRING_CATALOG_GENERATE_SYMBOLS = NO;
				SWIFT_APPROACHABLE_CONCURRENCY = YES;
				SWIFT_EMIT_LOC_STRINGS = NO;
				SWIFT_UPCOMING_FEATURE_MEMBER_IMPORT_VISIBILITY = YES;
				SWIFT_VERSION = 5.0;
				TARGETED_DEVICE_FAMILY = "1,2";
				TEST_HOST = "$(BUILT_PRODUCTS_DIR)/CuentasClaras.app/$(BUNDLE_EXECUTABLE_FOLDER_PATH)/CuentasClaras";
			};
			name = Debug;
		};
		A8BEEE2930733CF900EEF2B0 /* Release */ = {
			isa = XCBuildConfiguration;
			buildSettings = {
				BUNDLE_LOADER = "$(TEST_HOST)";
				CODE_SIGN_STYLE = Automatic;
				CURRENT_PROJECT_VERSION = 1;
				GENERATE_INFOPLIST_FILE = YES;
				IPHONEOS_DEPLOYMENT_TARGET = 26.0;
				MARKETING_VERSION = 1.0;
				PRODUCT_BUNDLE_IDENTIFIER = cl.xbadream.CuentasClarasTests;
				PRODUCT_NAME = "$(TARGET_NAME)";
				STRING_CATALOG_GENERATE_SYMBOLS = NO;
				SWIFT_APPROACHABLE_CONCURRENCY = YES;
				SWIFT_EMIT_LOC_STRINGS = NO;
				SWIFT_UPCOMING_FEATURE_MEMBER_IMPORT_VISIBILITY = YES;
				SWIFT_VERSION = 5.0;
				TARGETED_DEVICE_FAMILY = "1,2";
				TEST_HOST = "$(BUILT_PRODUCTS_DIR)/CuentasClaras.app/$(BUNDLE_EXECUTABLE_FOLDER_PATH)/CuentasClaras";
			};
			name = Release;
		};
		A8BEEE2B30733CF900EEF2B0 /* Debug */ = {
			isa = XCBuildConfiguration;
			buildSettings = {
				CODE_SIGN_STYLE = Automatic;
				CURRENT_PROJECT_VERSION = 1;
				GENERATE_INFOPLIST_FILE = YES;
				MARKETING_VERSION = 1.0;
				PRODUCT_BUNDLE_IDENTIFIER = cl.xbadream.CuentasClarasUITests;
				PRODUCT_NAME = "$(TARGET_NAME)";
				STRING_CATALOG_GENERATE_SYMBOLS = NO;
				SWIFT_APPROACHABLE_CONCURRENCY = YES;
				SWIFT_EMIT_LOC_STRINGS = NO;
				SWIFT_UPCOMING_FEATURE_MEMBER_IMPORT_VISIBILITY = YES;
				SWIFT_VERSION = 5.0;
				TARGETED_DEVICE_FAMILY = "1,2";
				TEST_TARGET_NAME = CuentasClaras;
			};
			name = Debug;
		};
		A8BEEE2C30733CF900EEF2B0 /* Release */ = {
			isa = XCBuildConfiguration;
			buildSettings = {
				CODE_SIGN_STYLE = Automatic;
				CURRENT_PROJECT_VERSION = 1;
				GENERATE_INFOPLIST_FILE = YES;
				MARKETING_VERSION = 1.0;
				PRODUCT_BUNDLE_IDENTIFIER = cl.xbadream.CuentasClarasUITests;
				PRODUCT_NAME = "$(TARGET_NAME)";
				STRING_CATALOG_GENERATE_SYMBOLS = NO;
				SWIFT_APPROACHABLE_CONCURRENCY = YES;
				SWIFT_EMIT_LOC_STRINGS = NO;
				SWIFT_UPCOMING_FEATURE_MEMBER_IMPORT_VISIBILITY = YES;
				SWIFT_VERSION = 5.0;
				TARGETED_DEVICE_FAMILY = "1,2";
				TEST_TARGET_NAME = CuentasClaras;
			};
			name = Release;
		};
/* End XCBuildConfiguration section */

/* Begin XCConfigurationList section */
		A8BEEDFC30733CF600EEF2B0 /* Build configuration list for PBXProject "CuentasClaras" */ = {
			isa = XCConfigurationList;
			buildConfigurations = (
				A8BEEE2230733CF900EEF2B0 /* Debug */,
				A8BEEE2330733CF900EEF2B0 /* Release */,
			);
			defaultConfigurationIsVisible = 0;
			defaultConfigurationName = Release;
		};
		A8BEEE2430733CF900EEF2B0 /* Build configuration list for PBXNativeTarget "CuentasClaras" */ = {
			isa = XCConfigurationList;
			buildConfigurations = (
				A8BEEE2530733CF900EEF2B0 /* Debug */,
				A8BEEE2630733CF900EEF2B0 /* Release */,
			);
			defaultConfigurationIsVisible = 0;
			defaultConfigurationName = Release;
		};
		A8BEEE2730733CF900EEF2B0 /* Build configuration list for PBXNativeTarget "CuentasClarasTests" */ = {
			isa = XCConfigurationList;
			buildConfigurations = (
				A8BEEE2830733CF900EEF2B0 /* Debug */,
				A8BEEE2930733CF900EEF2B0 /* Release */,
			);
			defaultConfigurationIsVisible = 0;
			defaultConfigurationName = Release;
		};
		A8BEEE2A30733CF900EEF2B0 /* Build configuration list for PBXNativeTarget "CuentasClarasUITests" */ = {
			isa = XCConfigurationList;
			buildConfigurations = (
				A8BEEE2B30733CF900EEF2B0 /* Debug */,
				A8BEEE2C30733CF900EEF2B0 /* Release */,
			);
			defaultConfigurationIsVisible = 0;
			defaultConfigurationName = Release;
		};
/* End XCConfigurationList section */
	};
	rootObject = A8BEEDF930733CF600EEF2B0 /* Project object */;
}
